// !$*UTF8*$!
{
	archiveVersion = 1;
	classes = {
	};
	objectVersion = 46;
	objects = {

/* Begin PBXBuildFile section */
		F1A136751AE2A542004E26B1 /* AppDelegate.swift in Sources */ = {isa = PBXBuildFile; fileRef = F1A136741AE2A542004E26B1 /* AppDelegate.swift */; };
		F1A136771AE2A542004E26B1 /* ViewController.swift in Sources */ = {isa = PBXBuildFile; fileRef = F1A136761AE2A542004E26B1 /* ViewController.swift */; };
		F1A136791AE2A542004E26B1 /* Images.xcassets in Resources */ = {isa = PBXBuildFile; fileRef = F1A136781AE2A542004E26B1 /* Images.xcassets */; };
		F1A1367C1AE2A542004E26B1 /* Main.storyboard in Resources */ = {isa = PBXBuildFile; fileRef = F1A1367A1AE2A542004E26B1 /* Main.storyboard */; };
		F1A136881AE2A542004E26B1 /* TempestTests.swift in Sources */ = {isa = PBXBuildFile; fileRef = F1A136871AE2A542004E26B1 /* TempestTests.swift */; };
/* End PBXBuildFile section */

/* Begin PBXContainerItemProxy section */
		F1A136821AE2A542004E26B1 /* PBXContainerItemProxy */ = {
			isa = PBXContainerItemProxy;
			containerPortal = F1A136671AE2A542004E26B1 /* Project object */;
			proxyType = 1;
			remoteGlobalIDString = F1A1366E1AE2A542004E26B1;
			remoteInfo = Tempest;
		};
/* End PBXContainerItemProxy section */

/* Begin PBXFileReference section */
		F1A1366F1AE2A542004E26B1 /* Tempest.app */ = {isa = PBXFileReference; explicitFileType = wrapper.application; includeInIndex = 0; path = Tempest.app; sourceTree = BUILT_PRODUCTS_DIR; };
		F1A136731AE2A542004E26B1 /* Info.plist */ = {isa = PBXFileReference; lastKnownFileType = text.plist.xml; path = Info.plist; sourceTree = "<group>"; };
		F1A136741AE2A542004E26B1 /* AppDelegate.swift */ = {isa = PBXFileReference; lastKnownFileType = sourcecode.swift; path = AppDelegate.swift; sourceTree = "<group>"; };
		F1A136761AE2A542004E26B1 /* ViewController.swift */ = {isa = PBXFileReference; lastKnownFileType = sourcecode.swift; path = ViewController.swift; sourceTree = "<group>"; };
		F1A136781AE2A542004E26B1 /* Images.xcassets */ = {isa = PBXFileReference; lastKnownFileType = folder.assetcatalog; path = Images.xcassets; sourceTree = "<group>"; };
		F1A1367B1AE2A542004E26B1 /* Base */ = {isa = PBXFileReference; lastKnownFileType = file.storyboard; name = Base; path = Base.lproj/Main.storyboard; sourceTree = "<group>"; };
		F1A136811AE2A542004E26B1 /* TempestTests.xctest */ = {isa = PBXFileReference; explicitFileType = wrapper.cfbundle; includeInIndex = 0; path = TempestTests.xctest; sourceTree = BUILT_PRODUCTS_DIR; };
		F1A136861AE2A542004E26B1 /* Info.plist */ = {isa = PBXFileReference; lastKnownFileType = text.plist.xml; path = Info.plist; sourceTree = "<group>"; };
		F1A136871AE2A542004E26B1 /* TempestTests.swift */ = {isa = PBXFileReference; lastKnownFileType = sourcecode.swift; path = TempestTests.swift; sourceTree = "<group>"; };
/* End PBXFileReference section */

/* Begin PBXFrameworksBuildPhase section */
		F1A1366C1AE2A542004E26B1 /* Frameworks */ = {
			isa = PBXFrameworksBuildPhase;
			buildActionMask = 2147483647;
			files = (
			);
			runOnlyForDeploymentPostprocessing = 0;
		};
		F1A1367E1AE2A542004E26B1 /* Frameworks */ = {
			isa = PBXFrameworksBuildPhase;
			buildActionMask = 2147483647;
			files = (
			);
			runOnlyForDeploymentPostprocessing = 0;
		};
/* End PBXFrameworksBuildPhase section */

/* Begin PBXGroup section */
		F1A136661AE2A542004E26B1 = {
			isa = PBXGroup;
			children = (
				F1A136711AE2A542004E26B1 /* Tempest */,
				F1A136841AE2A542004E26B1 /* TempestTests */,
				F1A136701AE2A542004E26B1 /* Products */,
			);
			sourceTree = "<group>";
		};
		F1A136701AE2A542004E26B1 /* Products */ = {
			isa = PBXGroup;
			children = (
				F1A1366F1AE2A542004E26B1 /* Tempest.app */,
				F1A136811AE2A542004E26B1 /* TempestTests.xctest */,
			);
			name = Products;
			sourceTree = "<group>";
		};
		F1A136711AE2A542004E26B1 /* Tempest */ = {
			isa = PBXGroup;
			children = (
				F1A136741AE2A542004E26B1 /* AppDelegate.swift */,
				F1A136761AE2A542004E26B1 /* ViewController.swift */,
				F1A136781AE2A542004E26B1 /* Images.xcassets */,
				F1A1367A1AE2A542004E26B1 /* Main.storyboard */,
				F1A136721AE2A542004E26B1 /* Supporting Files */,
			);
			path = Tempest;
			sourceTree = "<group>";
		};
		F1A136721AE2A542004E26B1 /* Supporting Files */ = {
			isa = PBXGroup;
			children = (
				F1A136731AE2A542004E26B1 /* Info.plist */,
			);
			name = "Supporting Files";
			sourceTree = "<group>";
		};
		F1A136841AE2A542004E26B1 /* TempestTests */ = {
			isa = PBXGroup;
			children = (
				F1A136871AE2A542004E26B1 /* TempestTests.swift */,
				F1A136851AE2A542004E26B1 /* Supporting Files */,
			);
			path = TempestTests;
			sourceTree = "<group>";
		};
		F1A136851AE2A542004E26B1 /* Supporting Files */ = {
			isa = PBXGroup;
			children = (
				F1A136861AE2A542004E26B1 /* Info.plist */,
			);
			name = "Supporting Files";
			sourceTree = "<group>";
		};
/* End PBXGroup section */

/* Begin PBXNativeTarget section */
		F1A1366E1AE2A542004E26B1 /* Tempest */ = {
			isa = PBXNativeTarget;
			buildConfigurationList = F1A1368B1AE2A542004E26B1 /* Build configuration list for PBXNativeTarget "Tempest" */;
			buildPhases = (
				F1A1366B1AE2A542004E26B1 /* Sources */,
				F1A1366C1AE2A542004E26B1 /* Frameworks */,
				F1A1366D1AE2A542004E26B1 /* Resources */,
			);
			buildRules = (
			);
			dependencies = (
			);
			name = Tempest;
			productName = Tempest;
			productReference = F1A1366F1AE2A542004E26B1 /* Tempest.app */;
			productType = "com.apple.product-type.application";
		};
		F1A136801AE2A542004E26B1 /* TempestTests */ = {
			isa = PBXNativeTarget;
			buildConfigurationList = F1A1368E1AE2A542004E26B1 /* Build configuration list for PBXNativeTarget "TempestTests" */;
			buildPhases = (
				F1A1367D1AE2A542004E26B1 /* Sources */,
				F1A1367E1AE2A542004E26B1 /* Frameworks */,
				F1A1367F1AE2A542004E26B1 /* Resources */,
			);
			buildRules = (
			);
			dependencies = (
				F1A136831AE2A542004E26B1 /* PBXTargetDependency */,
			);
			name = TempestTests;
			productName = TempestTests;
			productReference = F1A136811AE2A542004E26B1 /* TempestTests.xctest */;
			productType = "com.apple.product-type.bundle.unit-test";
		};
/* End PBXNativeTarget section */

/* Begin PBXProject section */
		F1A136671AE2A542004E26B1 /* Project object */ = {
			isa = PBXProject;
			attributes = {
				LastUpgradeCheck = 0630;
				ORGANIZATIONNAME = Cyrilis.com;
				TargetAttributes = {
					F1A1366E1AE2A542004E26B1 = {
						CreatedOnToolsVersion = 6.3;
					};
					F1A136801AE2A542004E26B1 = {
						CreatedOnToolsVersion = 6.3;
						TestTargetID = F1A1366E1AE2A542004E26B1;
					};
				};
			};
			buildConfigurationList = F1A1366A1AE2A542004E26B1 /* Build configuration list for PBXProject "Tempest" */;
			compatibilityVersion = "Xcode 3.2";
			developmentRegion = English;
			hasScannedForEncodings = 0;
			knownRegions = (
				en,
				Base,
			);
			mainGroup = F1A136661AE2A542004E26B1;
			productRefGroup = F1A136701AE2A542004E26B1 /* Products */;
			projectDirPath = "";
			projectRoot = "";
			targets = (
				F1A1366E1AE2A542004E26B1 /* Tempest */,
				F1A136801AE2A542004E26B1 /* TempestTests */,
			);
		};
/* End PBXProject section */

/* Begin PBXResourcesBuildPhase section */
		F1A1366D1AE2A542004E26B1 /* Resources */ = {
			isa = PBXResourcesBuildPhase;
			buildActionMask = 2147483647;
			files = (
				F1A136791AE2A542004E26B1 /* Images.xcassets in Resources */,
				F1A1367C1AE2A542004E26B1 /* Main.storyboard in Resources */,
			);
			runOnlyForDeploymentPostprocessing = 0;
		};
		F1A1367F1AE2A542004E26B1 /* Resources */ = {
			isa = PBXResourcesBuildPhase;
			buildActionMask = 2147483647;
			files = (
			);
			runOnlyForDeploymentPostprocessing = 0;
		};
/* End PBXResourcesBuildPhase section */

/* Begin PBXSourcesBuildPhase section */
		F1A1366B1AE2A542004E26B1 /* Sources */ = {
			isa = PBXSourcesBuildPhase;
			buildActionMask = 2147483647;
			files = (
				F1A136771AE2A542004E26B1 /* ViewController.swift in Sources */,
				F1A136751AE2A542004E26B1 /* AppDelegate.swift in Sources */,
			);
			runOnlyForDeploymentPostprocessing = 0;
		};
		F1A1367D1AE2A542004E26B1 /* Sources */ = {
			isa = PBXSourcesBuildPhase;
			buildActionMask = 2147483647;
			files = (
				F1A136881AE2A542004E26B1 /* TempestTests.swift in Sources */,
			);
			runOnlyForDeploymentPostprocessing = 0;
		};
/* End PBXSourcesBuildPhase section */

/* Begin PBXTargetDependency section */
		F1A136831AE2A542004E26B1 /* PBXTargetDependency */ = {
			isa = PBXTargetDependency;
			target = F1A1366E1AE2A542004E26B1 /* Tempest */;
			targetProxy = F1A136821AE2A542004E26B1 /* PBXContainerItemProxy */;
		};
/* End PBXTargetDependency section */

/* Begin PBXVariantGroup section */
		F1A1367A1AE2A542004E26B1 /* Main.storyboard */ = {
			isa = PBXVariantGroup;
			children = (
				F1A1367B1AE2A542004E26B1 /* Base */,
			);
			name = Main.storyboard;
			sourceTree = "<group>";
		};
/* End PBXVariantGroup section */

/* Begin XCBuildConfiguration section */
		F1A136891AE2A542004E26B1 /* Debug */ = {
			isa = XCBuildConfiguration;
			buildSettings = {
				ALWAYS_SEARCH_USER_PATHS = NO;
				CLANG_CXX_LANGUAGE_STANDARD = "gnu++0x";
				CLANG_CXX_LIBRARY = "libc++";
				CLANG_ENABLE_MODULES = YES;
				CLANG_ENABLE_OBJC_ARC = YES;
				CLANG_WARN_BOOL_CONVERSION = YES;
				CLANG_WARN_CONSTANT_CONVERSION = YES;
				CLANG_WARN_DIRECT_OBJC_ISA_USAGE = YES_ERROR;
				CLANG_WARN_EMPTY_BODY = YES;
				CLANG_WARN_ENUM_CONVERSION = YES;
				CLANG_WARN_INT_CONVERSION = YES;
				CLANG_WARN_OBJC_ROOT_CLASS = YES_ERROR;
				CLANG_WARN_UNREACHABLE_CODE = YES;
				CLANG_WARN__DUPLICATE_METHOD_MATCH = YES;
				CODE_SIGN_IDENTITY = "-";
				COPY_PHASE_STRIP = NO;
				DEBUG_INFORMATION_FORMAT = dwarf;
				ENABLE_STRICT_OBJC_MSGSEND = YES;
				GCC_C_LANGUAGE_STANDARD = gnu99;
				GCC_DYNAMIC_NO_PIC = NO;
				GCC_NO_COMMON_BLOCKS = YES;
				GCC_OPTIMIZATION_LEVEL = 0;
				GCC_PREPROCESSOR_DEFINITIONS = (
					"DEBUG=1",
					"$(inherited)",
				);
				GCC_SYMBOLS_PRIVATE_EXTERN = NO;
				GCC_WARN_64_TO_32_BIT_CONVERSION = YES;
				GCC_WARN_ABOUT_RETURN_TYPE = YES_ERROR;
				GCC_WARN_UNDECLARED_SELECTOR = YES;
				GCC_WARN_UNINITIALIZED_AUTOS = YES_AGGRESSIVE;
				GCC_WARN_UNUSED_FUNCTION = YES;
				GCC_WARN_UNUSED_VARIABLE = YES;
				MACOSX_DEPLOYMENT_TARGET = 10.10;
				MTL_ENABLE_DEBUG_INFO = YES;
				ONLY_ACTIVE_ARCH = YES;
				SDKROOT = macosx;
				SWIFT_OPTIMIZATION_LEVEL = "-Onone";
			};
			name = Debug;
		};
		F1A1368A1AE2A542004E26B1 /* Release */ = {
			isa = XCBuildConfiguration;
			buildSettings = {
				ALWAYS_SEARCH_USER_PATHS = NO;
				CLANG_CXX_LANGUAGE_STANDARD = "gnu++0x";
				CLANG_CXX_LIBRARY = "libc++";
				CLANG_ENABLE_MODULES = YES;
				CLANG_ENABLE_OBJC_ARC = YES;
				CLANG_WARN_BOOL_CONVERSION = YES;
				CLANG_WARN_CONSTANT_CONVERSION = YES;
				CLANG_WARN_DIRECT_OBJC_ISA_USAGE = YES_ERROR;
				CLANG_WARN_EMPTY_BODY = YES;
				CLANG_WARN_ENUM_CONVERSION = YES;
				CLANG_WARN_INT_CONVERSION = YES;
				CLANG_WARN_OBJC_ROOT_CLASS = YES_ERROR;
				CLANG_WARN_UNREACHABLE_CODE = YES;
				CLANG_WARN__DUPLICATE_METHOD_MATCH = YES;
				CODE_SIGN_IDENTITY = "-";
				COPY_PHASE_STRIP = NO;
				DEBUG_INFORMATION_FORMAT = "dwarf-with-dsym";
				ENABLE_NS_ASSERTIONS = NO;
				ENABLE_STRICT_OBJC_MSGSEND = YES;
				GCC_C_LANGUAGE_STANDARD = gnu99;
				GCC_NO_COMMON_BLOCKS = YES;
				GCC_WARN_64_TO_32_BIT_CONVERSION = YES;
				GCC_WARN_ABOUT_RETURN_TYPE = YES_ERROR;
				GCC_WARN_UNDECLARED_SELECTOR = YES;
				GCC_WARN_UNINITIALIZED_AUTOS = YES_AGGRESSIVE;
				GCC_WARN_UNUSED_FUNCTION = YES;
				GCC_WARN_UNUSED_VARIABLE = YES;
				MACOSX_DEPLOYMENT_TARGET = 10.10;
				MTL_ENABLE_DEBUG_INFO = NO;
				SDKROOT = macosx;
			};
			name = Release;
		};
		F1A1368C1AE2A542004E26B1 /* Debug */ = {
			isa = XCBuildConfiguration;
			buildSettings = {
				ASSETCATALOG_COMPILER_APPICON_NAME = AppIcon;
				COMBINE_HIDPI_IMAGES = YES;
				INFOPLIST_FILE = Tempest/Info.plist;
				LD_RUNPATH_SEARCH_PATHS = "$(inherited) @executable_path/../Frameworks";
				PRODUCT_NAME = "$(TARGET_NAME)";
			};
			name = Debug;
		};
		F1A1368D1AE2A542004E26B1 /* Release */ = {
			isa = XCBuildConfiguration;
			buildSettings = {
				ASSETCATALOG_COMPILER_APPICON_NAME = AppIcon;
				COMBINE_HIDPI_IMAGES = YES;
				INFOPLIST_FILE = Tempest/Info.plist;
				LD_RUNPATH_SEARCH_PATHS = "$(inherited) @executable_path/../Frameworks";
				PRODUCT_NAME = "$(TARGET_NAME)";
			};
			name = Release;
		};
		F1A1368F1AE2A542004E26B1 /* Debug */ = {
			isa = XCBuildConfiguration;
			buildSettings = {
				BUNDLE_LOADER = "$(TEST_HOST)";
				COMBINE_HIDPI_IMAGES = YES;
				FRAMEWORK_SEARCH_PATHS = (
					"$(DEVELOPER_FRAMEWORKS_DIR)",
					"$(inherited)",
				);
				GCC_PREPROCESSOR_DEFINITIONS = (
					"DEBUG=1",
					"$(inherited)",
				);
				INFOPLIST_FILE = TempestTests/Info.plist;
				LD_RUNPATH_SEARCH_PATHS = "$(inherited) @executable_path/../Frameworks @loader_path/../Frameworks";
				PRODUCT_NAME = "$(TARGET_NAME)";
				TEST_HOST = "$(BUILT_PRODUCTS_DIR)/Tempest.app/Contents/MacOS/Tempest";
			};
			name = Debug;
		};
		F1A136901AE2A542004E26B1 /* Release */ = {
			isa = XCBuildConfiguration;
			buildSettings = {
				BUNDLE_LOADER = "$(TEST_HOST)";
				COMBINE_HIDPI_IMAGES = YES;
				FRAMEWORK_SEARCH_PATHS = (
					"$(DEVELOPER_FRAMEWORKS_DIR)",
					"$(inherited)",
				);
				INFOPLIST_FILE = TempestTests/Info.plist;
				LD_RUNPATH_SEARCH_PATHS = "$(inherited) @executable_path/../Frameworks @loader_path/../Frameworks";
				PRODUCT_NAME = "$(TARGET_NAME)";
				TEST_HOST = "$(BUILT_PRODUCTS_DIR)/Tempest.app/Contents/MacOS/Tempest";
			};
			name = Release;
		};
/* End XCBuildConfiguration section */

/* Begin XCConfigurationList section */
		F1A1366A1AE2A542004E26B1 /* Build configuration list for PBXProject "Tempest" */ = {
			isa = XCConfigurationList;
			buildConfigurations = (
				F1A136891AE2A542004E26B1 /* Debug */,
				F1A1368A1AE2A542004E26B1 /* Release */,
			);
			defaultConfigurationIsVisible = 0;
			defaultConfigurationName = Release;
		};
		F1A1368B1AE2A542004E26B1 /* Build configuration list for PBXNativeTarget "Tempest" */ = {
			isa = XCConfigurationList;
			buildConfigurations = (
				F1A1368C1AE2A542004E26B1 /* Debug */,
				F1A1368D1AE2A542004E26B1 /* Release */,
			);
			defaultConfigurationIsVisible = 0;
		};
		F1A1368E1AE2A542004E26B1 /* Build configuration list for PBXNativeTarget "TempestTests" */ = {
			isa = XCConfigurationList;
			buildConfigurations = (
				F1A1368F1AE2A542004E26B1 /* Debug */,
				F1A136901AE2A542004E26B1 /* Release */,
			);
			defaultConfigurationIsVisible = 0;
		};
/* End XCConfigurationList section */
	};
	rootObject = F1A136671AE2A542004E26B1 /* Project object */;
}
